// !$*UTF8*$!
{
	archiveVersion = 1;
	classes = {
	};
	objectVersion = 50;
	objects = {

/* Begin PBXBuildFile section */
		2F5C4E4B21C52FB700F93FE1 /* ZSTools.m in Sources */ = {isa = PBXBuildFile; fileRef = 2F5C4E3B21C52FB600F93FE1 /* ZSTools.m */; };
		2F5C4E4C21C52FB700F93FE1 /* ZSClockHomeView.m in Sources */ = {isa = PBXBuildFile; fileRef = 2F5C4E4121C52FB700F93FE1 /* ZSClockHomeView.m */; };
		2F5C4E4D21C52FB700F93FE1 /* ZSClockView.m in Sources */ = {isa = PBXBuildFile; fileRef = 2F5C4E4421C52FB700F93FE1 /* ZSClockView.m */; };
		2F5C4E4E21C52FB700F93FE1 /* ZSClockHomeVC.m in Sources */ = {isa = PBXBuildFile; fileRef = 2F5C4E4621C52FB700F93FE1 /* ZSClockHomeVC.m */; };
		2F5C4E4F21C52FB700F93FE1 /* ZSSystemTimeSingleton.m in Sources */ = {isa = PBXBuildFile; fileRef = 2F5C4E4821C52FB700F93FE1 /* ZSSystemTimeSingleton.m */; };
		2F5C4E5321C5308900F93FE1 /* UIView+Frame.m in Sources */ = {isa = PBXBuildFile; fileRef = 2F5C4E5221C5308900F93FE1 /* UIView+Frame.m */; };
		2F5C4E5721C53AEC00F93FE1 /* ZSSettingView.m in Sources */ = {isa = PBXBuildFile; fileRef = 2F5C4E5621C53AEC00F93FE1 /* ZSSettingView.m */; };
		2F5C4E5A21C53B5F00F93FE1 /* ZSSettingTableVC.m in Sources */ = {isa = PBXBuildFile; fileRef = 2F5C4E5921C53B5F00F93FE1 /* ZSSettingTableVC.m */; };
		2F5C4E5E21C540B400F93FE1 /* ZSSettingBackCell.m in Sources */ = {isa = PBXBuildFile; fileRef = 2F5C4E5D21C540B400F93FE1 /* ZSSettingBackCell.m */; };
		2F5C4E6121C5488700F93FE1 /* ZSSettingBrightnessCell.m in Sources */ = {isa = PBXBuildFile; fileRef = 2F5C4E6021C5488700F93FE1 /* ZSSettingBrightnessCell.m */; };
		2F85793821B6D099008F6E87 /* ZSSettingVC.m in Sources */ = {isa = PBXBuildFile; fileRef = 2F85793721B6D099008F6E87 /* ZSSettingVC.m */; };
		2FFB96C521B4010C004F0C43 /* AppDelegate.m in Sources */ = {isa = PBXBuildFile; fileRef = 2FFB96C421B4010C004F0C43 /* AppDelegate.m */; };
		2FFB96CD21B4010F004F0C43 /* Assets.xcassets in Resources */ = {isa = PBXBuildFile; fileRef = 2FFB96CC21B4010F004F0C43 /* Assets.xcassets */; };
		2FFB96D321B4010F004F0C43 /* main.m in Sources */ = {isa = PBXBuildFile; fileRef = 2FFB96D221B4010F004F0C43 /* main.m */; };
		2FFB96ED21B41862004F0C43 /* Main.storyboard in Resources */ = {isa = PBXBuildFile; fileRef = 2FFB96EC21B41862004F0C43 /* Main.storyboard */; };
/* End PBXBuildFile section */

/* Begin PBXFileReference section */
		2F5C4E3A21C52FB600F93FE1 /* ZSTools.h */ = {isa = PBXFileReference; fileEncoding = 4; lastKnownFileType = sourcecode.c.h; path = ZSTools.h; sourceTree = "<group>"; };
		2F5C4E3B21C52FB600F93FE1 /* ZSTools.m */ = {isa = PBXFileReference; fileEncoding = 4; lastKnownFileType = sourcecode.c.objc; path = ZSTools.m; sourceTree = "<group>"; };
		2F5C4E3F21C52FB600F93FE1 /* DefineTools.h */ = {isa = PBXFileReference; fileEncoding = 4; lastKnownFileType = sourcecode.c.h; path = DefineTools.h; sourceTree = "<group>"; };
		2F5C4E4121C52FB700F93FE1 /* ZSClockHomeView.m */ = {isa = PBXFileReference; fileEncoding = 4; lastKnownFileType = sourcecode.c.objc; path = ZSClockHomeView.m; sourceTree = "<group>"; };
		2F5C4E4221C52FB700F93FE1 /* ZSClockView.h */ = {isa = PBXFileReference; fileEncoding = 4; lastKnownFileType = sourcecode.c.h; path = ZSClockView.h; sourceTree = "<group>"; };
		2F5C4E4321C52FB700F93FE1 /* ZSClockHomeVC.h */ = {isa = PBXFileReference; fileEncoding = 4; lastKnownFileType = sourcecode.c.h; path = ZSClockHomeVC.h; sourceTree = "<group>"; };
		2F5C4E4421C52FB700F93FE1 /* ZSClockView.m */ = {isa = PBXFileReference; fileEncoding = 4; lastKnownFileType = sourcecode.c.objc; path = ZSClockView.m; sourceTree = "<group>"; };
		2F5C4E4521C52FB700F93FE1 /* ZSClockHomeView.h */ = {isa = PBXFileReference; fileEncoding = 4; lastKnownFileType = sourcecode.c.h; path = ZSClockHomeView.h; sourceTree = "<group>"; };
		2F5C4E4621C52FB700F93FE1 /* ZSClockHomeVC.m */ = {isa = PBXFileReference; fileEncoding = 4; lastKnownFileType = sourcecode.c.objc; path = ZSClockHomeVC.m; sourceTree = "<group>"; };
		2F5C4E4821C52FB700F93FE1 /* ZSSystemTimeSingleton.m */ = {isa = PBXFileReference; fileEncoding = 4; lastKnownFileType = sourcecode.c.objc; path = ZSSystemTimeSingleton.m; sourceTree = "<group>"; };
		2F5C4E4921C52FB700F93FE1 /* ZSSystemTimeSingleton.h */ = {isa = PBXFileReference; fileEncoding = 4; lastKnownFileType = sourcecode.c.h; path = ZSSystemTimeSingleton.h; sourceTree = "<group>"; };
		2F5C4E5021C5302A00F93FE1 /* Header.h */ = {isa = PBXFileReference; fileEncoding = 4; lastKnownFileType = sourcecode.c.h; path = Header.h; sourceTree = "<group>"; };
		2F5C4E5121C5308900F93FE1 /* UIView+Frame.h */ = {isa = PBXFileReference; fileEncoding = 4; lastKnownFileType = sourcecode.c.h; path = "UIView+Frame.h"; sourceTree = "<group>"; };
		2F5C4E5221C5308900F93FE1 /* UIView+Frame.m */ = {isa = PBXFileReference; fileEncoding = 4; lastKnownFileType = sourcecode.c.objc; path = "UIView+Frame.m"; sourceTree = "<group>"; };
		2F5C4E5521C53AEC00F93FE1 /* ZSSettingView.h */ = {isa = PBXFileReference; lastKnownFileType = sourcecode.c.h; path = ZSSettingView.h; sourceTree = "<group>"; };
		2F5C4E5621C53AEC00F93FE1 /* ZSSettingView.m */ = {isa = PBXFileReference; lastKnownFileType = sourcecode.c.objc; path = ZSSettingView.m; sourceTree = "<group>"; };
		2F5C4E5821C53B5F00F93FE1 /* ZSSettingTableVC.h */ = {isa = PBXFileReference; lastKnownFileType = sourcecode.c.h; path = ZSSettingTableVC.h; sourceTree = "<group>"; };
		2F5C4E5921C53B5F00F93FE1 /* ZSSettingTableVC.m */ = {isa = PBXFileReference; lastKnownFileType = sourcecode.c.objc; path = ZSSettingTableVC.m; sourceTree = "<group>"; };
		2F5C4E5C21C540B400F93FE1 /* ZSSettingBackCell.h */ = {isa = PBXFileReference; lastKnownFileType = sourcecode.c.h; path = ZSSettingBackCell.h; sourceTree = "<group>"; };
		2F5C4E5D21C540B400F93FE1 /* ZSSettingBackCell.m */ = {isa = PBXFileReference; lastKnownFileType = sourcecode.c.objc; path = ZSSettingBackCell.m; sourceTree = "<group>"; };
		2F5C4E5F21C5488700F93FE1 /* ZSSettingBrightnessCell.h */ = {isa = PBXFileReference; lastKnownFileType = sourcecode.c.h; path = ZSSettingBrightnessCell.h; sourceTree = "<group>"; };
		2F5C4E6021C5488700F93FE1 /* ZSSettingBrightnessCell.m */ = {isa = PBXFileReference; lastKnownFileType = sourcecode.c.objc; path = ZSSettingBrightnessCell.m; sourceTree = "<group>"; };
		2F85793621B6D099008F6E87 /* ZSSettingVC.h */ = {isa = PBXFileReference; lastKnownFileType = sourcecode.c.h; path = ZSSettingVC.h; sourceTree = "<group>"; };
		2F85793721B6D099008F6E87 /* ZSSettingVC.m */ = {isa = PBXFileReference; lastKnownFileType = sourcecode.c.objc; path = ZSSettingVC.m; sourceTree = "<group>"; };
		2FFB96C021B4010C004F0C43 /* PiPiClock.app */ = {isa = PBXFileReference; explicitFileType = wrapper.application; includeInIndex = 0; path = PiPiClock.app; sourceTree = BUILT_PRODUCTS_DIR; };
		2FFB96C321B4010C004F0C43 /* AppDelegate.h */ = {isa = PBXFileReference; lastKnownFileType = sourcecode.c.h; path = AppDelegate.h; sourceTree = "<group>"; };
		2FFB96C421B4010C004F0C43 /* AppDelegate.m */ = {isa = PBXFileReference; lastKnownFileType = sourcecode.c.objc; path = AppDelegate.m; sourceTree = "<group>"; };
		2FFB96CC21B4010F004F0C43 /* Assets.xcassets */ = {isa = PBXFileReference; lastKnownFileType = folder.assetcatalog; path = Assets.xcassets; sourceTree = "<group>"; };
		2FFB96D121B4010F004F0C43 /* Info.plist */ = {isa = PBXFileReference; lastKnownFileType = text.plist.xml; path = Info.plist; sourceTree = "<group>"; };
		2FFB96D221B4010F004F0C43 /* main.m */ = {isa = PBXFileReference; lastKnownFileType = sourcecode.c.objc; path = main.m; sourceTree = "<group>"; };
		2FFB96EC21B41862004F0C43 /* Main.storyboard */ = {isa = PBXFileReference; fileEncoding = 4; lastKnownFileType = file.storyboard; path = Main.storyboard; sourceTree = "<group>"; };
/* End PBXFileReference section */

/* Begin PBXFrameworksBuildPhase section */
		2FFB96BD21B4010C004F0C43 /* Frameworks */ = {
			isa = PBXFrameworksBuildPhase;
			buildActionMask = 2147483647;
			files = (
			);
			runOnlyForDeploymentPostprocessing = 0;
		};
/* End PBXFrameworksBuildPhase section */

/* Begin PBXGroup section */
		2F5C4E3821C52FB600F93FE1 /* Tools */ = {
			isa = PBXGroup;
			children = (
				2F5C4E3A21C52FB600F93FE1 /* ZSTools.h */,
				2F5C4E3B21C52FB600F93FE1 /* ZSTools.m */,
				2F5C4E5121C5308900F93FE1 /* UIView+Frame.h */,
				2F5C4E5221C5308900F93FE1 /* UIView+Frame.m */,
			);
			path = Tools;
			sourceTree = "<group>";
		};
		2F5C4E3D21C52FB600F93FE1 /* Config */ = {
			isa = PBXGroup;
			children = (
				2F5C4E5021C5302A00F93FE1 /* Header.h */,
				2F5C4E3F21C52FB600F93FE1 /* DefineTools.h */,
			);
			path = Config;
			sourceTree = "<group>";
		};
		2F5C4E4021C52FB700F93FE1 /* HomePage */ = {
			isa = PBXGroup;
			children = (
				2F5C4E4321C52FB700F93FE1 /* ZSClockHomeVC.h */,
				2F5C4E4621C52FB700F93FE1 /* ZSClockHomeVC.m */,
				2F5C4E4521C52FB700F93FE1 /* ZSClockHomeView.h */,
				2F5C4E4121C52FB700F93FE1 /* ZSClockHomeView.m */,
				2F5C4E4221C52FB700F93FE1 /* ZSClockView.h */,
				2F5C4E4421C52FB700F93FE1 /* ZSClockView.m */,
			);
			path = HomePage;
			sourceTree = "<group>";
		};
		2F5C4E4721C52FB700F93FE1 /* GetSystemTime_Singleton */ = {
			isa = PBXGroup;
			children = (
				2F5C4E4921C52FB700F93FE1 /* ZSSystemTimeSingleton.h */,
				2F5C4E4821C52FB700F93FE1 /* ZSSystemTimeSingleton.m */,
			);
			path = GetSystemTime_Singleton;
			sourceTree = "<group>";
		};
		2F5C4E5421C53AC300F93FE1 /* Setting */ = {
			isa = PBXGroup;
			children = (
				2F85793621B6D099008F6E87 /* ZSSettingVC.h */,
				2F85793721B6D099008F6E87 /* ZSSettingVC.m */,
				2F5C4E5521C53AEC00F93FE1 /* ZSSettingView.h */,
				2F5C4E5621C53AEC00F93FE1 /* ZSSettingView.m */,
				2F5C4E5821C53B5F00F93FE1 /* ZSSettingTableVC.h */,
				2F5C4E5921C53B5F00F93FE1 /* ZSSettingTableVC.m */,
				2F5C4E5B21C5408600F93FE1 /* Cell */,
			);
			path = Setting;
			sourceTree = "<group>";
		};
		2F5C4E5B21C5408600F93FE1 /* Cell */ = {
			isa = PBXGroup;
			children = (
				2F5C4E5C21C540B400F93FE1 /* ZSSettingBackCell.h */,
				2F5C4E5D21C540B400F93FE1 /* ZSSettingBackCell.m */,
				2F5C4E5F21C5488700F93FE1 /* ZSSettingBrightnessCell.h */,
				2F5C4E6021C5488700F93FE1 /* ZSSettingBrightnessCell.m */,
			);
			path = Cell;
			sourceTree = "<group>";
		};
		2FFB96B721B4010C004F0C43 = {
			isa = PBXGroup;
			children = (
				2FFB96C221B4010C004F0C43 /* PiPiClock */,
				2FFB96C121B4010C004F0C43 /* Products */,
			);
			sourceTree = "<group>";
		};
		2FFB96C121B4010C004F0C43 /* Products */ = {
			isa = PBXGroup;
			children = (
				2FFB96C021B4010C004F0C43 /* PiPiClock.app */,
			);
			name = Products;
			sourceTree = "<group>";
		};
		2FFB96C221B4010C004F0C43 /* PiPiClock */ = {
			isa = PBXGroup;
			children = (
				2F5C4E5421C53AC300F93FE1 /* Setting */,
				2F5C4E3821C52FB600F93FE1 /* Tools */,
				2F5C4E4021C52FB700F93FE1 /* HomePage */,
				2F5C4E4721C52FB700F93FE1 /* GetSystemTime_Singleton */,
				2F5C4E3D21C52FB600F93FE1 /* Config */,
				2FFB96C321B4010C004F0C43 /* AppDelegate.h */,
				2FFB96C421B4010C004F0C43 /* AppDelegate.m */,
				2FFB96DC21B4036B004F0C43 /* ProjectFile */,
			);
			path = PiPiClock;
			sourceTree = "<group>";
		};
		2FFB96DC21B4036B004F0C43 /* ProjectFile */ = {
			isa = PBXGroup;
			children = (
				2FFB96EC21B41862004F0C43 /* Main.storyboard */,
				2FFB96CC21B4010F004F0C43 /* Assets.xcassets */,
				2FFB96D121B4010F004F0C43 /* Info.plist */,
				2FFB96D221B4010F004F0C43 /* main.m */,
			);
			path = ProjectFile;
			sourceTree = "<group>";
		};
/* End PBXGroup section */

/* Begin PBXNativeTarget section */
		2FFB96BF21B4010C004F0C43 /* PiPiClock */ = {
			isa = PBXNativeTarget;
			buildConfigurationList = 2FFB96D621B4010F004F0C43 /* Build configuration list for PBXNativeTarget "PiPiClock" */;
			buildPhases = (
				2FFB96BC21B4010C004F0C43 /* Sources */,
				2FFB96BD21B4010C004F0C43 /* Frameworks */,
				2FFB96BE21B4010C004F0C43 /* Resources */,
			);
			buildRules = (
			);
			dependencies = (
			);
			name = PiPiClock;
			productName = PiPiClock;
			productReference = 2FFB96C021B4010C004F0C43 /* PiPiClock.app */;
			productType = "com.apple.product-type.application";
		};
/* End PBXNativeTarget section */

/* Begin PBXProject section */
		2FFB96B821B4010C004F0C43 /* Project object */ = {
			isa = PBXProject;
			attributes = {
				LastUpgradeCheck = 1010;
				ORGANIZATIONNAME = "道道明明白白";
				TargetAttributes = {
					2FFB96BF21B4010C004F0C43 = {
						CreatedOnToolsVersion = 10.1;
					};
				};
			};
			buildConfigurationList = 2FFB96BB21B4010C004F0C43 /* Build configuration list for PBXProject "PiPiClock" */;
			compatibilityVersion = "Xcode 9.3";
			developmentRegion = en;
			hasScannedForEncodings = 0;
			knownRegions = (
				en,
				Base,
			);
			mainGroup = 2FFB96B721B4010C004F0C43;
			productRefGroup = 2FFB96C121B4010C004F0C43 /* Products */;
			projectDirPath = "";
			projectRoot = "";
			targets = (
				2FFB96BF21B4010C004F0C43 /* PiPiClock */,
			);
		};
/* End PBXProject section */

/* Begin PBXResourcesBuildPhase section */
		2FFB96BE21B4010C004F0C43 /* Resources */ = {
			isa = PBXResourcesBuildPhase;
			buildActionMask = 2147483647;
			files = (
				2FFB96ED21B41862004F0C43 /* Main.storyboard in Resources */,
				2FFB96CD21B4010F004F0C43 /* Assets.xcassets in Resources */,
			);
			runOnlyForDeploymentPostprocessing = 0;
		};
/* End PBXResourcesBuildPhase section */

/* Begin PBXSourcesBuildPhase section */
		2FFB96BC21B4010C004F0C43 /* Sources */ = {
			isa = PBXSourcesBuildPhase;
			buildActionMask = 2147483647;
			files = (
				2F5C4E4E21C52FB700F93FE1 /* ZSClockHomeVC.m in Sources */,
				2F5C4E4C21C52FB700F93FE1 /* ZSClockHomeView.m in Sources */,
				2F5C4E6121C5488700F93FE1 /* ZSSettingBrightnessCell.m in Sources */,
				2F5C4E4B21C52FB700F93FE1 /* ZSTools.m in Sources */,
				2F5C4E5321C5308900F93FE1 /* UIView+Frame.m in Sources */,
				2FFB96D321B4010F004F0C43 /* main.m in Sources */,
				2FFB96C521B4010C004F0C43 /* AppDelegate.m in Sources */,
				2F5C4E5E21C540B400F93FE1 /* ZSSettingBackCell.m in Sources */,
				2F5C4E5721C53AEC00F93FE1 /* ZSSettingView.m in Sources */,
				2F5C4E5A21C53B5F00F93FE1 /* ZSSettingTableVC.m in Sources */,
				2F85793821B6D099008F6E87 /* ZSSettingVC.m in Sources */,
				2F5C4E4D21C52FB700F93FE1 /* ZSClockView.m in Sources */,
				2F5C4E4F21C52FB700F93FE1 /* ZSSystemTimeSingleton.m in Sources */,
			);
			runOnlyForDeploymentPostprocessing = 0;
		};
/* End PBXSourcesBuildPhase section */

/* Begin XCBuildConfiguration section */
		2FFB96D421B4010F004F0C43 /* Debug */ = {
			isa = XCBuildConfiguration;
			buildSettings = {
				ALWAYS_SEARCH_USER_PATHS = NO;
				CLANG_ANALYZER_NONNULL = YES;
				CLANG_ANALYZER_NUMBER_OBJECT_CONVERSION = YES_AGGRESSIVE;
				CLANG_CXX_LANGUAGE_STANDARD = "gnu++14";
				CLANG_CXX_LIBRARY = "libc++";
				CLANG_ENABLE_MODULES = YES;
				CLANG_ENABLE_OBJC_ARC = YES;
				CLANG_ENABLE_OBJC_WEAK = YES;
				CLANG_WARN_BLOCK_CAPTURE_AUTORELEASING = YES;
				CLANG_WARN_BOOL_CONVERSION = YES;
				CLANG_WARN_COMMA = YES;
				CLANG_WARN_CONSTANT_CONVERSION = YES;
				CLANG_WARN_DEPRECATED_OBJC_IMPLEMENTATIONS = YES;
				CLANG_WARN_DIRECT_OBJC_ISA_USAGE = YES_ERROR;
				CLANG_WARN_DOCUMENTATION_COMMENTS = YES;
				CLANG_WARN_EMPTY_BODY = YES;
				CLANG_WARN_ENUM_CONVERSION = YES;
				CLANG_WARN_INFINITE_RECURSION = YES;
				CLANG_WARN_INT_CONVERSION = YES;
				CLANG_WARN_NON_LITERAL_NULL_CONVERSION = YES;
				CLANG_WARN_OBJC_IMPLICIT_RETAIN_SELF = YES;
				CLANG_WARN_OBJC_LITERAL_CONVERSION = YES;
				CLANG_WARN_OBJC_ROOT_CLASS = YES_ERROR;
				CLANG_WARN_RANGE_LOOP_ANALYSIS = YES;
				CLANG_WARN_STRICT_PROTOTYPES = YES;
				CLANG_WARN_SUSPICIOUS_MOVE = YES;
				CLANG_WARN_UNGUARDED_AVAILABILITY = YES_AGGRESSIVE;
				CLANG_WARN_UNREACHABLE_CODE = YES;
				CLANG_WARN__DUPLICATE_METHOD_MATCH = YES;
				CODE_SIGN_IDENTITY = "iPhone Developer";
				COPY_PHASE_STRIP = NO;
				DEBUG_INFORMATION_FORMAT = dwarf;
				ENABLE_STRICT_OBJC_MSGSEND = YES;
				ENABLE_TESTABILITY = YES;
				GCC_C_LANGUAGE_STANDARD = gnu11;
				GCC_DYNAMIC_NO_PIC = NO;
				GCC_NO_COMMON_BLOCKS = YES;
				GCC_OPTIMIZATION_LEVEL = 0;
				GCC_PREPROCESSOR_DEFINITIONS = (
					"DEBUG=1",
					"$(inherited)",
				);
				GCC_WARN_64_TO_32_BIT_CONVERSION = YES;
				GCC_WARN_ABOUT_RETURN_TYPE = YES_ERROR;
				GCC_WARN_UNDECLARED_SELECTOR = YES;
				GCC_WARN_UNINITIALIZED_AUTOS = YES_AGGRESSIVE;
				GCC_WARN_UNUSED_FUNCTION = YES;
				GCC_WARN_UNUSED_VARIABLE = YES;
				IPHONEOS_DEPLOYMENT_TARGET = 12.1;
				MTL_ENABLE_DEBUG_INFO = INCLUDE_SOURCE;
				MTL_FAST_MATH = YES;
				ONLY_ACTIVE_ARCH = YES;
				SDKROOT = iphoneos;
			};
			name = Debug;
		};
		2FFB96D521B4010F004F0C43 /* Release */ = {
			isa = XCBuildConfiguration;
			buildSettings = {
				ALWAYS_SEARCH_USER_PATHS = NO;
				CLANG_ANALYZER_NONNULL = YES;
				CLANG_ANALYZER_NUMBER_OBJECT_CONVERSION = YES_AGGRESSIVE;
				CLANG_CXX_LANGUAGE_STANDARD = "gnu++14";
				CLANG_CXX_LIBRARY = "libc++";
				CLANG_ENABLE_MODULES = YES;
				CLANG_ENABLE_OBJC_ARC = YES;
				CLANG_ENABLE_OBJC_WEAK = YES;
				CLANG_WARN_BLOCK_CAPTURE_AUTORELEASING = YES;
				CLANG_WARN_BOOL_CONVERSION = YES;
				CLANG_WARN_COMMA = YES;
				CLANG_WARN_CONSTANT_CONVERSION = YES;
				CLANG_WARN_DEPRECATED_OBJC_IMPLEMENTATIONS = YES;
				CLANG_WARN_DIRECT_OBJC_ISA_USAGE = YES_ERROR;
				CLANG_WARN_DOCUMENTATION_COMMENTS = YES;
				CLANG_WARN_EMPTY_BODY = YES;
				CLANG_WARN_ENUM_CONVERSION = YES;
				CLANG_WARN_INFINITE_RECURSION = YES;
				CLANG_WARN_INT_CONVERSION = YES;
				CLANG_WARN_NON_LITERAL_NULL_CONVERSION = YES;
				CLANG_WARN_OBJC_IMPLICIT_RETAIN_SELF = YES;
				CLANG_WARN_OBJC_LITERAL_CONVERSION = YES;
				CLANG_WARN_OBJC_ROOT_CLASS = YES_ERROR;
				CLANG_WARN_RANGE_LOOP_ANALYSIS = YES;
				CLANG_WARN_STRICT_PROTOTYPES = YES;
				CLANG_WARN_SUSPICIOUS_MOVE = YES;
				CLANG_WARN_UNGUARDED_AVAILABILITY = YES_AGGRESSIVE;
				CLANG_WARN_UNREACHABLE_CODE = YES;
				CLANG_WARN__DUPLICATE_METHOD_MATCH = YES;
				CODE_SIGN_IDENTITY = "iPhone Developer";
				COPY_PHASE_STRIP = NO;
				DEBUG_INFORMATION_FORMAT = "dwarf-with-dsym";
				ENABLE_NS_ASSERTIONS = NO;
				ENABLE_STRICT_OBJC_MSGSEND = YES;
				GCC_C_LANGUAGE_STANDARD = gnu11;
				GCC_NO_COMMON_BLOCKS = YES;
				GCC_WARN_64_TO_32_BIT_CONVERSION = YES;
				GCC_WARN_ABOUT_RETURN_TYPE = YES_ERROR;
				GCC_WARN_UNDECLARED_SELECTOR = YES;
				GCC_WARN_UNINITIALIZED_AUTOS = YES_AGGRESSIVE;
				GCC_WARN_UNUSED_FUNCTION = YES;
				GCC_WARN_UNUSED_VARIABLE = YES;
				IPHONEOS_DEPLOYMENT_TARGET = 12.1;
				MTL_ENABLE_DEBUG_INFO = NO;
				MTL_FAST_MATH = YES;
				SDKROOT = iphoneos;
				VALIDATE_PRODUCT = YES;
			};
			name = Release;
		};
		2FFB96D721B4010F004F0C43 /* Debug */ = {
			isa = XCBuildConfiguration;
			buildSettings = {
				ASSETCATALOG_COMPILER_APPICON_NAME = AppIcon;
				CODE_SIGN_STYLE = Automatic;
				DEVELOPMENT_TEAM = 589RW5KP69;
				INFOPLIST_FILE = PiPiClock/ProjectFile/Info.plist;
				IPHONEOS_DEPLOYMENT_TARGET = 8.0;
				LD_RUNPATH_SEARCH_PATHS = (
					"$(inherited)",
					"@executable_path/Frameworks",
				);
				PRODUCT_BUNDLE_IDENTIFIER = www.renrensheji.com.PiPiClock;
				PRODUCT_NAME = "$(TARGET_NAME)";
				TARGETED_DEVICE_FAMILY = 1;
			};
			name = Debug;
		};
		2FFB96D821B4010F004F0C43 /* Release */ = {
			isa = XCBuildConfiguration;
			buildSettings = {
				ASSETCATALOG_COMPILER_APPICON_NAME = AppIcon;
				CODE_SIGN_STYLE = Automatic;
				DEVELOPMENT_TEAM = 589RW5KP69;
				INFOPLIST_FILE = PiPiClock/ProjectFile/Info.plist;
				IPHONEOS_DEPLOYMENT_TARGET = 8.0;
				LD_RUNPATH_SEARCH_PATHS = (
					"$(inherited)",
					"@executable_path/Frameworks",
				);
				PRODUCT_BUNDLE_IDENTIFIER = www.renrensheji.com.PiPiClock;
				PRODUCT_NAME = "$(TARGET_NAME)";
				TARGETED_DEVICE_FAMILY = 1;
			};
			name = Release;
		};
/* End XCBuildConfiguration section */

/* Begin XCConfigurationList section */
		2FFB96BB21B4010C004F0C43 /* Build configuration list for PBXProject "PiPiClock" */ = {
			isa = XCConfigurationList;
			buildConfigurations = (
				2FFB96D421B4010F004F0C43 /* Debug */,
				2FFB96D521B4010F004F0C43 /* Release */,
			);
			defaultConfigurationIsVisible = 0;
			defaultConfigurationName = Release;
		};
		2FFB96D621B4010F004F0C43 /* Build configuration list for PBXNativeTarget "PiPiClock" */ = {
			isa = XCConfigurationList;
			buildConfigurations = (
				2FFB96D721B4010F004F0C43 /* Debug */,
				2FFB96D821B4010F004F0C43 /* Release */,
			);
			defaultConfigurationIsVisible = 0;
			defaultConfigurationName = Release;
		};
/* End XCConfigurationList section */
	};
	rootObject = 2FFB96B821B4010C004F0C43 /* Project object */;
}
